
Microsoft Visual Studio Solution File, Format Version 12.00
# Visual Studio Version 16
VisualStudioVersion = 16.0.30011.22
MinimumVisualStudioVersion = 10.0.40219.1
Project("{9A19103F-16F7-4668-BE54-9A1E7A4F7556}") = "CamelizeProductAvailable", "src\CamelizeProductAvailable.csproj", "{7DDA4C83-7DBF-4F27-AA70-E809A451FBC3}"
EndProject
Global
	GlobalSection(SolutionConfigurationPlatforms) = preSolution
		Debug|Any CPU = Debug|Any CPU
		Release|Any CPU = Release|Any CPU
	EndGlobalSection
	GlobalSection(ProjectConfigurationPlatforms) = postSolution
		{7DDA4C83-7DBF-4F27-AA70-E809A451FBC3}.Debug|Any CPU.ActiveCfg = Debug|Any CPU
		{7DDA4C83-7DBF-4F27-AA70-E809A451FBC3}.Debug|Any CPU.Build.0 = Debug|Any CPU
		{7DDA4C83-7DBF-4F27-AA70-E809A451FBC3}.Release|Any CPU.ActiveCfg = Release|Any CPU
		{7DDA4C83-7DBF-4F27-AA70-E809A451FBC3}.Release|Any CPU.Build.0 = Release|Any CPU
	EndGlobalSection
	GlobalSection(SolutionProperties) = preSolution
		HideSolutionNode = FALSE
	EndGlobalSection
	GlobalSection(ExtensibilityGlobals) = postSolution
		SolutionGuid = {AEEC5B40-3ED1-4EED-ACFE-68FDB6B030C8}
	EndGlobalSection
EndGlobal
